
Microsoft Visual Studio Solution File, Format Version 12.00
Project("{FAE04EC0-301F-11D3-BF4B-00C04F79EFBC}") = "QFetcher.Models", "QFetcher.Models\QFetcher.Models.csproj", "{CA3E8F42-80F7-4987-A383-F075F269438C}"
EndProject
Project("{FAE04EC0-301F-11D3-BF4B-00C04F79EFBC}") = "QFetcher.Api", "QFetcher.Api\QFetcher.Api.csproj", "{40F286E3-A095-417F-8504-4AF16C279A5D}"
EndProject
Project("{FAE04EC0-301F-11D3-BF4B-00C04F79EFBC}") = "QFetcher.Services", "QFetcher.Services\QFetcher.Services.csproj", "{6AE28EA4-BE5E-4C4F-BCFC-1C78E3CBB4D0}"
EndProject
Project("{FAE04EC0-301F-11D3-BF4B-00C04F79EFBC}") = "QFetcher.Services.Tests", "QFetcher.Services.Tests\QFetcher.Services.Tests.csproj", "{E24F5B0F-9285-4BCA-8471-4C0D9AF7D031}"
EndProject
Global
	GlobalSection(SolutionConfigurationPlatforms) = preSolution
		Debug|Any CPU = Debug|Any CPU
		Release|Any CPU = Release|Any CPU
	EndGlobalSection
	GlobalSection(ProjectConfigurationPlatforms) = postSolution
		{CA3E8F42-80F7-4987-A383-F075F269438C}.Debug|Any CPU.ActiveCfg = Debug|Any CPU
		{CA3E8F42-80F7-4987-A383-F075F269438C}.Debug|Any CPU.Build.0 = Debug|Any CPU
		{CA3E8F42-80F7-4987-A383-F075F269438C}.Release|Any CPU.ActiveCfg = Release|Any CPU
		{CA3E8F42-80F7-4987-A383-F075F269438C}.Release|Any CPU.Build.0 = Release|Any CPU
		{40F286E3-A095-417F-8504-4AF16C279A5D}.Debug|Any CPU.ActiveCfg = Debug|Any CPU
		{40F286E3-A095-417F-8504-4AF16C279A5D}.Debug|Any CPU.Build.0 = Debug|Any CPU
		{40F286E3-A095-417F-8504-4AF16C279A5D}.Release|Any CPU.ActiveCfg = Release|Any CPU
		{40F286E3-A095-417F-8504-4AF16C279A5D}.Release|Any CPU.Build.0 = Release|Any CPU
		{6AE28EA4-BE5E-4C4F-BCFC-1C78E3CBB4D0}.Debug|Any CPU.ActiveCfg = Debug|Any CPU
		{6AE28EA4-BE5E-4C4F-BCFC-1C78E3CBB4D0}.Debug|Any CPU.Build.0 = Debug|Any CPU
		{6AE28EA4-BE5E-4C4F-BCFC-1C78E3CBB4D0}.Release|Any CPU.ActiveCfg = Release|Any CPU
		{6AE28EA4-BE5E-4C4F-BCFC-1C78E3CBB4D0}.Release|Any CPU.Build.0 = Release|Any CPU
		{E24F5B0F-9285-4BCA-8471-4C0D9AF7D031}.Debug|Any CPU.ActiveCfg = Debug|Any CPU
		{E24F5B0F-9285-4BCA-8471-4C0D9AF7D031}.Debug|Any CPU.Build.0 = Debug|Any CPU
		{E24F5B0F-9285-4BCA-8471-4C0D9AF7D031}.Release|Any CPU.ActiveCfg = Release|Any CPU
		{E24F5B0F-9285-4BCA-8471-4C0D9AF7D031}.Release|Any CPU.Build.0 = Release|Any CPU
	EndGlobalSection
EndGlobal
